<?xml version="1.0" encoding="UTF-8" standalone="yes" ?>
<CodeBlocks_project_file>
	<FileVersion major="1" minor="6" />
	<Project>
		<Option title="arcproximator" />
		<Option pch_mode="2" />
		<Option compiler="gcc" />
		<Build>
			<Target title="Debug">
				<Option output="bin/Debug/arcproximator" prefix_auto="1" extension_auto="1" />
				<Option object_output="obj/Debug/" />
				<Option type="1" />
				<Option compiler="gcc" />
				<Compiler>
					<Add option="-g" />
				</Compiler>
			</Target>
			<Target title="Release">
				<Option output="bin/Release/arcproximator" prefix_auto="1" extension_auto="1" />
				<Option object_output="obj/Release/" />
				<Option type="1" />
				<Option compiler="gcc" />
				<Compiler>
					<Add option="-O2" />
				</Compiler>
				<Linker>
					<Add option="-s" />
				</Linker>
			</Target>
		</Build>
		<Compiler>
			<Add option="-Wshadow" />
			<Add option="-Winit-self" />
			<Add option="-Wredundant-decls" />
			<Add option="-Wcast-align" />
			<Add option="-Wfloat-equal" />
			<Add option="-Winline" />
			<Add option="-Wunreachable-code" />
			<Add option="-Wmissing-include-dirs" />
			<Add option="-pedantic" />
			<Add option="-Wextra" />
			<Add option="-Wall" />
			<Add option="-Wbad-function-cast" />
			<Add option="-Wnested-externs" />
			<Add option="-Wlogical-op" />
			<Add option="-Wstrict-aliasing=2" />
			<Add option="-Wold-style-definition" />
			<Add option="-Wpointer-arith" />
			<Add option="-Wcast-qual" />
		</Compiler>
		<Unit filename="src/graphics/ar_color.c">
			<Option compilerVar="CC" />
		</Unit>
		<Unit filename="src/graphics/ar_color.h" />
		<Unit filename="src/graphics/ar_draw.c">
			<Option compilerVar="CC" />
		</Unit>
		<Unit filename="src/graphics/ar_draw.h" />
		<Unit filename="src/graphics/ar_gl.c">
			<Option compilerVar="CC" />
		</Unit>
		<Unit filename="src/graphics/ar_gl.h" />
		<Unit filename="src/graphics/ar_shader.c">
			<Option compilerVar="CC" />
		</Unit>
		<Unit filename="src/graphics/ar_shader.h" />
		<Unit filename="src/graphics/ar_texture.c">
			<Option compilerVar="CC" />
		</Unit>
		<Unit filename="src/graphics/ar_texture.h" />
		<Unit filename="src/graphics/ar_vertex.h" />
		<Unit filename="src/main.c">
			<Option compilerVar="CC" />
		</Unit>
		<Unit filename="src/math/ar_arc.c">
			<Option compilerVar="CC" />
		</Unit>
		<Unit filename="src/math/ar_arc.h" />
		<Unit filename="src/math/ar_arc_list.c">
			<Option compilerVar="CC" />
		</Unit>
		<Unit filename="src/math/ar_arc_list.h" />
		<Unit filename="src/math/ar_bezier3.c">
			<Option compilerVar="CC" />
		</Unit>
		<Unit filename="src/math/ar_bezier3.h" />
		<Unit filename="src/math/ar_durand_kerner_roots.c">
			<Option compilerVar="CC" />
		</Unit>
		<Unit filename="src/math/ar_durand_kerner_roots.h" />
		<Unit filename="src/math/ar_polynomial.c">
			<Option compilerVar="CC" />
		</Unit>
		<Unit filename="src/math/ar_polynomial.h" />
		<Unit filename="src/math/mat23.c">
			<Option compilerVar="CC" />
		</Unit>
		<Unit filename="src/math/mat23.h" />
		<Unit filename="src/math/mat4.c">
			<Option compilerVar="CC" />
		</Unit>
		<Unit filename="src/math/mat4.h" />
		<Unit filename="src/math/vec2.c">
			<Option compilerVar="CC" />
		</Unit>
		<Unit filename="src/math/vec2.h" />
		<Unit filename="src/out_of_sight.h" />
		<Unit filename="src/svg.h" />
		<Unit filename="src/util/ar_list.h" />
		<Unit filename="src/util/ar_util.c">
			<Option compilerVar="CC" />
		</Unit>
		<Unit filename="src/util/ar_util.h" />
		<Extensions>
			<code_completion />
			<debugger />
		</Extensions>
	</Project>
</CodeBlocks_project_file>
